// !$*UTF8*$!
{
	archiveVersion = 1;
	classes = {
	};
	objectVersion = 56;
	objects = {

/* Begin PBXBuildFile section */
		4F35649D2C04ED720015F5B5 /* OneToneApp.swift in Sources */ = {isa = PBXBuildFile; fileRef = 4F35649C2C04ED720015F5B5 /* OneToneApp.swift */; };
		4F35649F2C04ED720015F5B5 /* ContentView.swift in Sources */ = {isa = PBXBuildFile; fileRef = 4F35649E2C04ED720015F5B5 /* ContentView.swift */; };
		4F3564A12C04ED730015F5B5 /* Assets.xcassets in Resources */ = {isa = PBXBuildFile; fileRef = 4F3564A02C04ED730015F5B5 /* Assets.xcassets */; };
		4F3564A42C04ED730015F5B5 /* Preview Assets.xcassets in Resources */ = {isa = PBXBuildFile; fileRef = 4F3564A32C04ED730015F5B5 /* Preview Assets.xcassets */; };
		4F3564AF2C04ED740015F5B5 /* OneToneTests.swift in Sources */ = {isa = PBXBuildFile; fileRef = 4F3564AE2C04ED740015F5B5 /* OneToneTests.swift */; };
		4F3564B92C04ED740015F5B5 /* OneToneUITests.swift in Sources */ = {isa = PBXBuildFile; fileRef = 4F3564B82C04ED740015F5B5 /* OneToneUITests.swift */; };
		4F3564BB2C04ED740015F5B5 /* OneToneUITestsLaunchTests.swift in Sources */ = {isa = PBXBuildFile; fileRef = 4F3564BA2C04ED740015F5B5 /* OneToneUITestsLaunchTests.swift */; };
		4F3564C82C04F2110015F5B5 /* AudioManager.swift in Sources */ = {isa = PBXBuildFile; fileRef = 4F3564C72C04F2110015F5B5 /* AudioManager.swift */; };
/* End PBXBuildFile section */

/* Begin PBXContainerItemProxy section */
		4F3564AB2C04ED740015F5B5 /* PBXContainerItemProxy */ = {
			isa = PBXContainerItemProxy;
			containerPortal = 4F3564912C04ED720015F5B5 /* Project object */;
			proxyType = 1;
			remoteGlobalIDString = 4F3564982C04ED720015F5B5;
			remoteInfo = OneTone;
		};
		4F3564B52C04ED740015F5B5 /* PBXContainerItemProxy */ = {
			isa = PBXContainerItemProxy;
			containerPortal = 4F3564912C04ED720015F5B5 /* Project object */;
			proxyType = 1;
			remoteGlobalIDString = 4F3564982C04ED720015F5B5;
			remoteInfo = OneTone;
		};
/* End PBXContainerItemProxy section */

/* Begin PBXFileReference section */
		4F3564992C04ED720015F5B5 /* OneTone.app */ = {isa = PBXFileReference; explicitFileType = wrapper.application; includeInIndex = 0; path = OneTone.app; sourceTree = BUILT_PRODUCTS_DIR; };
		4F35649C2C04ED720015F5B5 /* OneToneApp.swift */ = {isa = PBXFileReference; lastKnownFileType = sourcecode.swift; path = OneToneApp.swift; sourceTree = "<group>"; };
		4F35649E2C04ED720015F5B5 /* ContentView.swift */ = {isa = PBXFileReference; lastKnownFileType = sourcecode.swift; path = ContentView.swift; sourceTree = "<group>"; };
		4F3564A02C04ED730015F5B5 /* Assets.xcassets */ = {isa = PBXFileReference; lastKnownFileType = folder.assetcatalog; path = Assets.xcassets; sourceTree = "<group>"; };
		4F3564A32C04ED730015F5B5 /* Preview Assets.xcassets */ = {isa = PBXFileReference; lastKnownFileType = folder.assetcatalog; path = "Preview Assets.xcassets"; sourceTree = "<group>"; };
		4F3564A52C04ED730015F5B5 /* OneTone.entitlements */ = {isa = PBXFileReference; lastKnownFileType = text.plist.entitlements; path = OneTone.entitlements; sourceTree = "<group>"; };
		4F3564AA2C04ED740015F5B5 /* OneToneTests.xctest */ = {isa = PBXFileReference; explicitFileType = wrapper.cfbundle; includeInIndex = 0; path = OneToneTests.xctest; sourceTree = BUILT_PRODUCTS_DIR; };
		4F3564AE2C04ED740015F5B5 /* OneToneTests.swift */ = {isa = PBXFileReference; lastKnownFileType = sourcecode.swift; path = OneToneTests.swift; sourceTree = "<group>"; };
		4F3564B42C04ED740015F5B5 /* OneToneUITests.xctest */ = {isa = PBXFileReference; explicitFileType = wrapper.cfbundle; includeInIndex = 0; path = OneToneUITests.xctest; sourceTree = BUILT_PRODUCTS_DIR; };
		4F3564B82C04ED740015F5B5 /* OneToneUITests.swift */ = {isa = PBXFileReference; lastKnownFileType = sourcecode.swift; path = OneToneUITests.swift; sourceTree = "<group>"; };
		4F3564BA2C04ED740015F5B5 /* OneToneUITestsLaunchTests.swift */ = {isa = PBXFileReference; lastKnownFileType = sourcecode.swift; path = OneToneUITestsLaunchTests.swift; sourceTree = "<group>"; };
		4F3564C72C04F2110015F5B5 /* AudioManager.swift */ = {isa = PBXFileReference; lastKnownFileType = sourcecode.swift; path = AudioManager.swift; sourceTree = "<group>"; };
/* End PBXFileReference section */

/* Begin PBXFrameworksBuildPhase section */
		4F3564962C04ED720015F5B5 /* Frameworks */ = {
			isa = PBXFrameworksBuildPhase;
			buildActionMask = 2147483647;
			files = (
			);
			runOnlyForDeploymentPostprocessing = 0;
		};
		4F3564A72C04ED740015F5B5 /* Frameworks */ = {
			isa = PBXFrameworksBuildPhase;
			buildActionMask = 2147483647;
			files = (
			);
			runOnlyForDeploymentPostprocessing = 0;
		};
		4F3564B12C04ED740015F5B5 /* Frameworks */ = {
			isa = PBXFrameworksBuildPhase;
			buildActionMask = 2147483647;
			files = (
			);
			runOnlyForDeploymentPostprocessing = 0;
		};
/* End PBXFrameworksBuildPhase section */

/* Begin PBXGroup section */
		4F3564902C04ED720015F5B5 = {
			isa = PBXGroup;
			children = (
				4F35649B2C04ED720015F5B5 /* OneTone */,
				4F3564AD2C04ED740015F5B5 /* OneToneTests */,
				4F3564B72C04ED740015F5B5 /* OneToneUITests */,
				4F35649A2C04ED720015F5B5 /* Products */,
			);
			sourceTree = "<group>";
		};
		4F35649A2C04ED720015F5B5 /* Products */ = {
			isa = PBXGroup;
			children = (
				4F3564992C04ED720015F5B5 /* OneTone.app */,
				4F3564AA2C04ED740015F5B5 /* OneToneTests.xctest */,
				4F3564B42C04ED740015F5B5 /* OneToneUITests.xctest */,
			);
			name = Products;
			sourceTree = "<group>";
		};
		4F35649B2C04ED720015F5B5 /* OneTone */ = {
			isa = PBXGroup;
			children = (
				4F35649C2C04ED720015F5B5 /* OneToneApp.swift */,
				4F35649E2C04ED720015F5B5 /* ContentView.swift */,
				4F3564C72C04F2110015F5B5 /* AudioManager.swift */,
				4F3564A02C04ED730015F5B5 /* Assets.xcassets */,
				4F3564A52C04ED730015F5B5 /* OneTone.entitlements */,
				4F3564A22C04ED730015F5B5 /* Preview Content */,
			);
			path = OneTone;
			sourceTree = "<group>";
		};
		4F3564A22C04ED730015F5B5 /* Preview Content */ = {
			isa = PBXGroup;
			children = (
				4F3564A32C04ED730015F5B5 /* Preview Assets.xcassets */,
			);
			path = "Preview Content";
			sourceTree = "<group>";
		};
		4F3564AD2C04ED740015F5B5 /* OneToneTests */ = {
			isa = PBXGroup;
			children = (
				4F3564AE2C04ED740015F5B5 /* OneToneTests.swift */,
			);
			path = OneToneTests;
			sourceTree = "<group>";
		};
		4F3564B72C04ED740015F5B5 /* OneToneUITests */ = {
			isa = PBXGroup;
			children = (
				4F3564B82C04ED740015F5B5 /* OneToneUITests.swift */,
				4F3564BA2C04ED740015F5B5 /* OneToneUITestsLaunchTests.swift */,
			);
			path = OneToneUITests;
			sourceTree = "<group>";
		};
/* End PBXGroup section */

/* Begin PBXNativeTarget section */
		4F3564982C04ED720015F5B5 /* OneTone */ = {
			isa = PBXNativeTarget;
			buildConfigurationList = 4F3564BE2C04ED740015F5B5 /* Build configuration list for PBXNativeTarget "OneTone" */;
			buildPhases = (
				4F3564952C04ED720015F5B5 /* Sources */,
				4F3564962C04ED720015F5B5 /* Frameworks */,
				4F3564972C04ED720015F5B5 /* Resources */,
			);
			buildRules = (
			);
			dependencies = (
			);
			name = OneTone;
			productName = OneTone;
			productReference = 4F3564992C04ED720015F5B5 /* OneTone.app */;
			productType = "com.apple.product-type.application";
		};
		4F3564A92C04ED740015F5B5 /* OneToneTests */ = {
			isa = PBXNativeTarget;
			buildConfigurationList = 4F3564C12C04ED740015F5B5 /* Build configuration list for PBXNativeTarget "OneToneTests" */;
			buildPhases = (
				4F3564A62C04ED740015F5B5 /* Sources */,
				4F3564A72C04ED740015F5B5 /* Frameworks */,
				4F3564A82C04ED740015F5B5 /* Resources */,
			);
			buildRules = (
			);
			dependencies = (
				4F3564AC2C04ED740015F5B5 /* PBXTargetDependency */,
			);
			name = OneToneTests;
			productName = OneToneTests;
			productReference = 4F3564AA2C04ED740015F5B5 /* OneToneTests.xctest */;
			productType = "com.apple.product-type.bundle.unit-test";
		};
		4F3564B32C04ED740015F5B5 /* OneToneUITests */ = {
			isa = PBXNativeTarget;
			buildConfigurationList = 4F3564C42C04ED740015F5B5 /* Build configuration list for PBXNativeTarget "OneToneUITests" */;
			buildPhases = (
				4F3564B02C04ED740015F5B5 /* Sources */,
				4F3564B12C04ED740015F5B5 /* Frameworks */,
				4F3564B22C04ED740015F5B5 /* Resources */,
			);
			buildRules = (
			);
			dependencies = (
				4F3564B62C04ED740015F5B5 /* PBXTargetDependency */,
			);
			name = OneToneUITests;
			productName = OneToneUITests;
			productReference = 4F3564B42C04ED740015F5B5 /* OneToneUITests.xctest */;
			productType = "com.apple.product-type.bundle.ui-testing";
		};
/* End PBXNativeTarget section */

/* Begin PBXProject section */
		4F3564912C04ED720015F5B5 /* Project object */ = {
			isa = PBXProject;
			attributes = {
				BuildIndependentTargetsInParallel = 1;
				LastSwiftUpdateCheck = 1530;
				LastUpgradeCheck = 1530;
				TargetAttributes = {
					4F3564982C04ED720015F5B5 = {
						CreatedOnToolsVersion = 15.3;
					};
					4F3564A92C04ED740015F5B5 = {
						CreatedOnToolsVersion = 15.3;
						TestTargetID = 4F3564982C04ED720015F5B5;
					};
					4F3564B32C04ED740015F5B5 = {
						CreatedOnToolsVersion = 15.3;
						TestTargetID = 4F3564982C04ED720015F5B5;
					};
				};
			};
			buildConfigurationList = 4F3564942C04ED720015F5B5 /* Build configuration list for PBXProject "OneTone" */;
			compatibilityVersion = "Xcode 14.0";
			developmentRegion = en;
			hasScannedForEncodings = 0;
			knownRegions = (
				en,
				Base,
			);
			mainGroup = 4F3564902C04ED720015F5B5;
			productRefGroup = 4F35649A2C04ED720015F5B5 /* Products */;
			projectDirPath = "";
			projectRoot = "";
			targets = (
				4F3564982C04ED720015F5B5 /* OneTone */,
				4F3564A92C04ED740015F5B5 /* OneToneTests */,
				4F3564B32C04ED740015F5B5 /* OneToneUITests */,
			);
		};
/* End PBXProject section */

/* Begin PBXResourcesBuildPhase section */
		4F3564972C04ED720015F5B5 /* Resources */ = {
			isa = PBXResourcesBuildPhase;
			buildActionMask = 2147483647;
			files = (
				4F3564A42C04ED730015F5B5 /* Preview Assets.xcassets in Resources */,
				4F3564A12C04ED730015F5B5 /* Assets.xcassets in Resources */,
			);
			runOnlyForDeploymentPostprocessing = 0;
		};
		4F3564A82C04ED740015F5B5 /* Resources */ = {
			isa = PBXResourcesBuildPhase;
			buildActionMask = 2147483647;
			files = (
			);
			runOnlyForDeploymentPostprocessing = 0;
		};
		4F3564B22C04ED740015F5B5 /* Resources */ = {
			isa = PBXResourcesBuildPhase;
			buildActionMask = 2147483647;
			files = (
			);
			runOnlyForDeploymentPostprocessing = 0;
		};
/* End PBXResourcesBuildPhase section */

/* Begin PBXSourcesBuildPhase section */
		4F3564952C04ED720015F5B5 /* Sources */ = {
			isa = PBXSourcesBuildPhase;
			buildActionMask = 2147483647;
			files = (
				4F3564C82C04F2110015F5B5 /* AudioManager.swift in Sources */,
				4F35649F2C04ED720015F5B5 /* ContentView.swift in Sources */,
				4F35649D2C04ED720015F5B5 /* OneToneApp.swift in Sources */,
			);
			runOnlyForDeploymentPostprocessing = 0;
		};
		4F3564A62C04ED740015F5B5 /* Sources */ = {
			isa = PBXSourcesBuildPhase;
			buildActionMask = 2147483647;
			files = (
				4F3564AF2C04ED740015F5B5 /* OneToneTests.swift in Sources */,
			);
			runOnlyForDeploymentPostprocessing = 0;
		};
		4F3564B02C04ED740015F5B5 /* Sources */ = {
			isa = PBXSourcesBuildPhase;
			buildActionMask = 2147483647;
			files = (
				4F3564B92C04ED740015F5B5 /* OneToneUITests.swift in Sources */,
				4F3564BB2C04ED740015F5B5 /* OneToneUITestsLaunchTests.swift in Sources */,
			);
			runOnlyForDeploymentPostprocessing = 0;
		};
/* End PBXSourcesBuildPhase section */

/* Begin PBXTargetDependency section */
		4F3564AC2C04ED740015F5B5 /* PBXTargetDependency */ = {
			isa = PBXTargetDependency;
			target = 4F3564982C04ED720015F5B5 /* OneTone */;
			targetProxy = 4F3564AB2C04ED740015F5B5 /* PBXContainerItemProxy */;
		};
		4F3564B62C04ED740015F5B5 /* PBXTargetDependency */ = {
			isa = PBXTargetDependency;
			target = 4F3564982C04ED720015F5B5 /* OneTone */;
			targetProxy = 4F3564B52C04ED740015F5B5 /* PBXContainerItemProxy */;
		};
/* End PBXTargetDependency section */

/* Begin XCBuildConfiguration section */
		4F3564BC2C04ED740015F5B5 /* Debug */ = {
			isa = XCBuildConfiguration;
			buildSettings = {
				ALWAYS_SEARCH_USER_PATHS = NO;
				ASSETCATALOG_COMPILER_GENERATE_SWIFT_ASSET_SYMBOL_EXTENSIONS = YES;
				CLANG_ANALYZER_NONNULL = YES;
				CLANG_ANALYZER_NUMBER_OBJECT_CONVERSION = YES_AGGRESSIVE;
				CLANG_CXX_LANGUAGE_STANDARD = "gnu++20";
				CLANG_ENABLE_MODULES = YES;
				CLANG_ENABLE_OBJC_ARC = YES;
				CLANG_ENABLE_OBJC_WEAK = YES;
				CLANG_WARN_BLOCK_CAPTURE_AUTORELEASING = YES;
				CLANG_WARN_BOOL_CONVERSION = YES;
				CLANG_WARN_COMMA = YES;
				CLANG_WARN_CONSTANT_CONVERSION = YES;
				CLANG_WARN_DEPRECATED_OBJC_IMPLEMENTATIONS = YES;
				CLANG_WARN_DIRECT_OBJC_ISA_USAGE = YES_ERROR;
				CLANG_WARN_DOCUMENTATION_COMMENTS = YES;
				CLANG_WARN_EMPTY_BODY = YES;
				CLANG_WARN_ENUM_CONVERSION = YES;
				CLANG_WARN_INFINITE_RECURSION = YES;
				CLANG_WARN_INT_CONVERSION = YES;
				CLANG_WARN_NON_LITERAL_NULL_CONVERSION = YES;
				CLANG_WARN_OBJC_IMPLICIT_RETAIN_SELF = YES;
				CLANG_WARN_OBJC_LITERAL_CONVERSION = YES;
				CLANG_WARN_OBJC_ROOT_CLASS = YES_ERROR;
				CLANG_WARN_QUOTED_INCLUDE_IN_FRAMEWORK_HEADER = YES;
				CLANG_WARN_RANGE_LOOP_ANALYSIS = YES;
				CLANG_WARN_STRICT_PROTOTYPES = YES;
				CLANG_WARN_SUSPICIOUS_MOVE = YES;
				CLANG_WARN_UNGUARDED_AVAILABILITY = YES_AGGRESSIVE;
				CLANG_WARN_UNREACHABLE_CODE = YES;
				CLANG_WARN__DUPLICATE_METHOD_MATCH = YES;
				COPY_PHASE_STRIP = NO;
				DEBUG_INFORMATION_FORMAT = dwarf;
				ENABLE_STRICT_OBJC_MSGSEND = YES;
				ENABLE_TESTABILITY = YES;
				ENABLE_USER_SCRIPT_SANDBOXING = YES;
				GCC_C_LANGUAGE_STANDARD = gnu17;
				GCC_DYNAMIC_NO_PIC = NO;
				GCC_NO_COMMON_BLOCKS = YES;
				GCC_OPTIMIZATION_LEVEL = 0;
				GCC_PREPROCESSOR_DEFINITIONS = (
					"DEBUG=1",
					"$(inherited)",
				);
				GCC_WARN_64_TO_32_BIT_CONVERSION = YES;
				GCC_WARN_ABOUT_RETURN_TYPE = YES_ERROR;
				GCC_WARN_UNDECLARED_SELECTOR = YES;
				GCC_WARN_UNINITIALIZED_AUTOS = YES_AGGRESSIVE;
				GCC_WARN_UNUSED_FUNCTION = YES;
				GCC_WARN_UNUSED_VARIABLE = YES;
				LOCALIZATION_PREFERS_STRING_CATALOGS = YES;
				MACOSX_DEPLOYMENT_TARGET = 14.3;
				MTL_ENABLE_DEBUG_INFO = INCLUDE_SOURCE;
				MTL_FAST_MATH = YES;
				ONLY_ACTIVE_ARCH = YES;
				SDKROOT = macosx;
				SWIFT_ACTIVE_COMPILATION_CONDITIONS = "DEBUG $(inherited)";
				SWIFT_OPTIMIZATION_LEVEL = "-Onone";
			};
			name = Debug;
		};
		4F3564BD2C04ED740015F5B5 /* Release */ = {
			isa = XCBuildConfiguration;
			buildSettings = {
				ALWAYS_SEARCH_USER_PATHS = NO;
				ASSETCATALOG_COMPILER_GENERATE_SWIFT_ASSET_SYMBOL_EXTENSIONS = YES;
				CLANG_ANALYZER_NONNULL = YES;
				CLANG_ANALYZER_NUMBER_OBJECT_CONVERSION = YES_AGGRESSIVE;
				CLANG_CXX_LANGUAGE_STANDARD = "gnu++20";
				CLANG_ENABLE_MODULES = YES;
				CLANG_ENABLE_OBJC_ARC = YES;
				CLANG_ENABLE_OBJC_WEAK = YES;
				CLANG_WARN_BLOCK_CAPTURE_AUTORELEASING = YES;
				CLANG_WARN_BOOL_CONVERSION = YES;
				CLANG_WARN_COMMA = YES;
				CLANG_WARN_CONSTANT_CONVERSION = YES;
				CLANG_WARN_DEPRECATED_OBJC_IMPLEMENTATIONS = YES;
				CLANG_WARN_DIRECT_OBJC_ISA_USAGE = YES_ERROR;
				CLANG_WARN_DOCUMENTATION_COMMENTS = YES;
				CLANG_WARN_EMPTY_BODY = YES;
				CLANG_WARN_ENUM_CONVERSION = YES;
				CLANG_WARN_INFINITE_RECURSION = YES;
				CLANG_WARN_INT_CONVERSION = YES;
				CLANG_WARN_NON_LITERAL_NULL_CONVERSION = YES;
				CLANG_WARN_OBJC_IMPLICIT_RETAIN_SELF = YES;
				CLANG_WARN_OBJC_LITERAL_CONVERSION = YES;
				CLANG_WARN_OBJC_ROOT_CLASS = YES_ERROR;
				CLANG_WARN_QUOTED_INCLUDE_IN_FRAMEWORK_HEADER = YES;
				CLANG_WARN_RANGE_LOOP_ANALYSIS = YES;
				CLANG_WARN_STRICT_PROTOTYPES = YES;
				CLANG_WARN_SUSPICIOUS_MOVE = YES;
				CLANG_WARN_UNGUARDED_AVAILABILITY = YES_AGGRESSIVE;
				CLANG_WARN_UNREACHABLE_CODE = YES;
				CLANG_WARN__DUPLICATE_METHOD_MATCH = YES;
				COPY_PHASE_STRIP = NO;
				DEBUG_INFORMATION_FORMAT = "dwarf-with-dsym";
				ENABLE_NS_ASSERTIONS = NO;
				ENABLE_STRICT_OBJC_MSGSEND = YES;
				ENABLE_USER_SCRIPT_SANDBOXING = YES;
				GCC_C_LANGUAGE_STANDARD = gnu17;
				GCC_NO_COMMON_BLOCKS = YES;
				GCC_WARN_64_TO_32_BIT_CONVERSION = YES;
				GCC_WARN_ABOUT_RETURN_TYPE = YES_ERROR;
				GCC_WARN_UNDECLARED_SELECTOR = YES;
				GCC_WARN_UNINITIALIZED_AUTOS = YES_AGGRESSIVE;
				GCC_WARN_UNUSED_FUNCTION = YES;
				GCC_WARN_UNUSED_VARIABLE = YES;
				LOCALIZATION_PREFERS_STRING_CATALOGS = YES;
				MACOSX_DEPLOYMENT_TARGET = 14.3;
				MTL_ENABLE_DEBUG_INFO = NO;
				MTL_FAST_MATH = YES;
				SDKROOT = macosx;
				SWIFT_COMPILATION_MODE = wholemodule;
			};
			name = Release;
		};
		4F3564BF2C04ED740015F5B5 /* Debug */ = {
			isa = XCBuildConfiguration;
			buildSettings = {
				ASSETCATALOG_COMPILER_APPICON_NAME = AppIcon;
				ASSETCATALOG_COMPILER_GLOBAL_ACCENT_COLOR_NAME = AccentColor;
				CODE_SIGN_ENTITLEMENTS = OneTone/OneTone.entitlements;
				CODE_SIGN_STYLE = Automatic;
				COMBINE_HIDPI_IMAGES = YES;
				CURRENT_PROJECT_VERSION = 1;
				DEVELOPMENT_ASSET_PATHS = "\"OneTone/Preview Content\"";
				DEVELOPMENT_TEAM = XU74X3434S;
				ENABLE_HARDENED_RUNTIME = YES;
				ENABLE_PREVIEWS = YES;
				GENERATE_INFOPLIST_FILE = YES;
				INFOPLIST_KEY_NSHumanReadableCopyright = "";
				LD_RUNPATH_SEARCH_PATHS = (
					"$(inherited)",
					"@executable_path/../Frameworks",
				);
				MARKETING_VERSION = 1.0;
				PRODUCT_BUNDLE_IDENTIFIER = ml.mrs1669.OneToneApp.OneTone;
				PRODUCT_NAME = "$(TARGET_NAME)";
				SWIFT_EMIT_LOC_STRINGS = YES;
				SWIFT_VERSION = 5.0;
			};
			name = Debug;
		};
		4F3564C02C04ED740015F5B5 /* Release */ = {
			isa = XCBuildConfiguration;
			buildSettings = {
				ASSETCATALOG_COMPILER_APPICON_NAME = AppIcon;
				ASSETCATALOG_COMPILER_GLOBAL_ACCENT_COLOR_NAME = AccentColor;
				CODE_SIGN_ENTITLEMENTS = OneTone/OneTone.entitlements;
				CODE_SIGN_STYLE = Automatic;
				COMBINE_HIDPI_IMAGES = YES;
				CURRENT_PROJECT_VERSION = 1;
				DEVELOPMENT_ASSET_PATHS = "\"OneTone/Preview Content\"";
				DEVELOPMENT_TEAM = XU74X3434S;
				ENABLE_HARDENED_RUNTIME = YES;
				ENABLE_PREVIEWS = YES;
				GENERATE_INFOPLIST_FILE = YES;
				INFOPLIST_KEY_NSHumanReadableCopyright = "";
				LD_RUNPATH_SEARCH_PATHS = (
					"$(inherited)",
					"@executable_path/../Frameworks",
				);
				MARKETING_VERSION = 1.0;
				PRODUCT_BUNDLE_IDENTIFIER = ml.mrs1669.OneToneApp.OneTone;
				PRODUCT_NAME = "$(TARGET_NAME)";
				SWIFT_EMIT_LOC_STRINGS = YES;
				SWIFT_VERSION = 5.0;
			};
			name = Release;
		};
		4F3564C22C04ED740015F5B5 /* Debug */ = {
			isa = XCBuildConfiguration;
			buildSettings = {
				ALWAYS_EMBED_SWIFT_STANDARD_LIBRARIES = YES;
				BUNDLE_LOADER = "$(TEST_HOST)";
				CODE_SIGN_STYLE = Automatic;
				CURRENT_PROJECT_VERSION = 1;
				DEVELOPMENT_TEAM = XU74X3434S;
				GENERATE_INFOPLIST_FILE = YES;
				MACOSX_DEPLOYMENT_TARGET = 14.3;
				MARKETING_VERSION = 1.0;
				PRODUCT_BUNDLE_IDENTIFIER = ml.mrs1669.OneToneApp.OneToneTests;
				PRODUCT_NAME = "$(TARGET_NAME)";
				SWIFT_EMIT_LOC_STRINGS = NO;
				SWIFT_VERSION = 5.0;
				TEST_HOST = "$(BUILT_PRODUCTS_DIR)/OneTone.app/$(BUNDLE_EXECUTABLE_FOLDER_PATH)/OneTone";
			};
			name = Debug;
		};
		4F3564C32C04ED740015F5B5 /* Release */ = {
			isa = XCBuildConfiguration;
			buildSettings = {
				ALWAYS_EMBED_SWIFT_STANDARD_LIBRARIES = YES;
				BUNDLE_LOADER = "$(TEST_HOST)";
				CODE_SIGN_STYLE = Automatic;
				CURRENT_PROJECT_VERSION = 1;
				DEVELOPMENT_TEAM = XU74X3434S;
				GENERATE_INFOPLIST_FILE = YES;
				MACOSX_DEPLOYMENT_TARGET = 14.3;
				MARKETING_VERSION = 1.0;
				PRODUCT_BUNDLE_IDENTIFIER = ml.mrs1669.OneToneApp.OneToneTests;
				PRODUCT_NAME = "$(TARGET_NAME)";
				SWIFT_EMIT_LOC_STRINGS = NO;
				SWIFT_VERSION = 5.0;
				TEST_HOST = "$(BUILT_PRODUCTS_DIR)/OneTone.app/$(BUNDLE_EXECUTABLE_FOLDER_PATH)/OneTone";
			};
			name = Release;
		};
		4F3564C52C04ED740015F5B5 /* Debug */ = {
			isa = XCBuildConfiguration;
			buildSettings = {
				ALWAYS_EMBED_SWIFT_STANDARD_LIBRARIES = YES;
				CODE_SIGN_STYLE = Automatic;
				CURRENT_PROJECT_VERSION = 1;
				DEVELOPMENT_TEAM = XU74X3434S;
				GENERATE_INFOPLIST_FILE = YES;
				MARKETING_VERSION = 1.0;
				PRODUCT_BUNDLE_IDENTIFIER = ml.mrs1669.OneToneApp.OneToneUITests;
				PRODUCT_NAME = "$(TARGET_NAME)";
				SWIFT_EMIT_LOC_STRINGS = NO;
				SWIFT_VERSION = 5.0;
				TEST_TARGET_NAME = OneTone;
			};
			name = Debug;
		};
		4F3564C62C04ED740015F5B5 /* Release */ = {
			isa = XCBuildConfiguration;
			buildSettings = {
				ALWAYS_EMBED_SWIFT_STANDARD_LIBRARIES = YES;
				CODE_SIGN_STYLE = Automatic;
				CURRENT_PROJECT_VERSION = 1;
				DEVELOPMENT_TEAM = XU74X3434S;
				GENERATE_INFOPLIST_FILE = YES;
				MARKETING_VERSION = 1.0;
				PRODUCT_BUNDLE_IDENTIFIER = ml.mrs1669.OneToneApp.OneToneUITests;
				PRODUCT_NAME = "$(TARGET_NAME)";
				SWIFT_EMIT_LOC_STRINGS = NO;
				SWIFT_VERSION = 5.0;
				TEST_TARGET_NAME = OneTone;
			};
			name = Release;
		};
/* End XCBuildConfiguration section */

/* Begin XCConfigurationList section */
		4F3564942C04ED720015F5B5 /* Build configuration list for PBXProject "OneTone" */ = {
			isa = XCConfigurationList;
			buildConfigurations = (
				4F3564BC2C04ED740015F5B5 /* Debug */,
				4F3564BD2C04ED740015F5B5 /* Release */,
			);
			defaultConfigurationIsVisible = 0;
			defaultConfigurationName = Release;
		};
		4F3564BE2C04ED740015F5B5 /* Build configuration list for PBXNativeTarget "OneTone" */ = {
			isa = XCConfigurationList;
			buildConfigurations = (
				4F3564BF2C04ED740015F5B5 /* Debug */,
				4F3564C02C04ED740015F5B5 /* Release */,
			);
			defaultConfigurationIsVisible = 0;
			defaultConfigurationName = Release;
		};
		4F3564C12C04ED740015F5B5 /* Build configuration list for PBXNativeTarget "OneToneTests" */ = {
			isa = XCConfigurationList;
			buildConfigurations = (
				4F3564C22C04ED740015F5B5 /* Debug */,
				4F3564C32C04ED740015F5B5 /* Release */,
			);
			defaultConfigurationIsVisible = 0;
			defaultConfigurationName = Release;
		};
		4F3564C42C04ED740015F5B5 /* Build configuration list for PBXNativeTarget "OneToneUITests" */ = {
			isa = XCConfigurationList;
			buildConfigurations = (
				4F3564C52C04ED740015F5B5 /* Debug */,
				4F3564C62C04ED740015F5B5 /* Release */,
			);
			defaultConfigurationIsVisible = 0;
			defaultConfigurationName = Release;
		};
/* End XCConfigurationList section */
	};
	rootObject = 4F3564912C04ED720015F5B5 /* Project object */;
}
